{
  "name": "slidesvg",
  "version": "1.0.0",
  "lockfileVersion": 1,
  "requires": true,
  "dependencies": {
    "webslides": {
      "version": "1.5.0",
      "resolved": "https://registry.npmjs.org/webslides/-/webslides-1.5.0.tgz",
      "integrity": "sha512-2P7SGPfaS2hd1oeHcJOc7uu8fi2ZdDWY0HDhemeCNgKeBrFljCpczHfPfVyUufQCPocx8r1K8pG5lAVEPupWZA=="
    }
  }
}
